
Microsoft Visual Studio Solution File, Format Version 12.00
# Visual Studio Version 16
VisualStudioVersion = 16.0.33423.256
MinimumVisualStudioVersion = 10.0.40219.1
Project("{FAE04EC0-301F-11D3-BF4B-00C04F79EFBC}") = "UpworkProject", "UpworkProject\UpworkProject.csproj", "{341AC68C-2A56-41BD-BAA2-0CA977060BD9}"
EndProject
Global
	GlobalSection(SolutionConfigurationPlatforms) = preSolution
		Debug|Any CPU = Debug|Any CPU
		Release|Any CPU = Release|Any CPU
	EndGlobalSection
	GlobalSection(ProjectConfigurationPlatforms) = postSolution
		{341AC68C-2A56-41BD-BAA2-0CA977060BD9}.Debug|Any CPU.ActiveCfg = Debug|Any CPU
		{341AC68C-2A56-41BD-BAA2-0CA977060BD9}.Debug|Any CPU.Build.0 = Debug|Any CPU
		{341AC68C-2A56-41BD-BAA2-0CA977060BD9}.Release|Any CPU.ActiveCfg = Release|Any CPU
		{341AC68C-2A56-41BD-BAA2-0CA977060BD9}.Release|Any CPU.Build.0 = Release|Any CPU
	EndGlobalSection
	GlobalSection(SolutionProperties) = preSolution
		HideSolutionNode = FALSE
	EndGlobalSection
	GlobalSection(ExtensibilityGlobals) = postSolution
		SolutionGuid = {B21A5256-F84F-4F36-A329-0C2BF5AB756B}
	EndGlobalSection
EndGlobal
